
Microsoft Visual Studio Solution File, Format Version 12.00
# Visual Studio 14
VisualStudioVersion = 14.0.25420.1
MinimumVisualStudioVersion = 10.0.40219.1
Project("{FAE04EC0-301F-11D3-BF4B-00C04F79EFBC}") = "CSCuda", "CSCuda\CSCuda.csproj", "{079AC783-1A60-42E5-A069-F685A2BDF20B}"
EndProject
Project("{FAE04EC0-301F-11D3-BF4B-00C04F79EFBC}") = "CSCuda.NPP", "CSCuda.NPP\CSCuda.NPP.csproj", "{585B7918-236A-46ED-B091-1CC33C869484}"
EndProject
Project("{FAE04EC0-301F-11D3-BF4B-00C04F79EFBC}") = "CSCudaUnitTest", "CSCudaUnitTest\CSCudaUnitTest.csproj", "{330265BA-BB76-4A63-9BC8-3005B7C42873}"
EndProject
Project("{FAE04EC0-301F-11D3-BF4B-00C04F79EFBC}") = "CSCuda.CUBLAS", "CSCuda.CUBLAS\CSCuda.CUBLAS.csproj", "{297E05B4-F26C-42DA-98D5-03BF4CD02CCB}"
EndProject
Global
	GlobalSection(SolutionConfigurationPlatforms) = preSolution
		Debug|Any CPU = Debug|Any CPU
		Release|Any CPU = Release|Any CPU
	EndGlobalSection
	GlobalSection(ProjectConfigurationPlatforms) = postSolution
		{079AC783-1A60-42E5-A069-F685A2BDF20B}.Debug|Any CPU.ActiveCfg = Debug|Any CPU
		{079AC783-1A60-42E5-A069-F685A2BDF20B}.Debug|Any CPU.Build.0 = Debug|Any CPU
		{079AC783-1A60-42E5-A069-F685A2BDF20B}.Release|Any CPU.ActiveCfg = Release|Any CPU
		{079AC783-1A60-42E5-A069-F685A2BDF20B}.Release|Any CPU.Build.0 = Release|Any CPU
		{585B7918-236A-46ED-B091-1CC33C869484}.Debug|Any CPU.ActiveCfg = Debug|Any CPU
		{585B7918-236A-46ED-B091-1CC33C869484}.Debug|Any CPU.Build.0 = Debug|Any CPU
		{585B7918-236A-46ED-B091-1CC33C869484}.Release|Any CPU.ActiveCfg = Release|Any CPU
		{585B7918-236A-46ED-B091-1CC33C869484}.Release|Any CPU.Build.0 = Release|Any CPU
		{330265BA-BB76-4A63-9BC8-3005B7C42873}.Debug|Any CPU.ActiveCfg = Debug|Any CPU
		{330265BA-BB76-4A63-9BC8-3005B7C42873}.Debug|Any CPU.Build.0 = Debug|Any CPU
		{330265BA-BB76-4A63-9BC8-3005B7C42873}.Release|Any CPU.ActiveCfg = Release|Any CPU
		{330265BA-BB76-4A63-9BC8-3005B7C42873}.Release|Any CPU.Build.0 = Release|Any CPU
		{297E05B4-F26C-42DA-98D5-03BF4CD02CCB}.Debug|Any CPU.ActiveCfg = Debug|Any CPU
		{297E05B4-F26C-42DA-98D5-03BF4CD02CCB}.Debug|Any CPU.Build.0 = Debug|Any CPU
		{297E05B4-F26C-42DA-98D5-03BF4CD02CCB}.Release|Any CPU.ActiveCfg = Release|Any CPU
		{297E05B4-F26C-42DA-98D5-03BF4CD02CCB}.Release|Any CPU.Build.0 = Release|Any CPU
	EndGlobalSection
	GlobalSection(SolutionProperties) = preSolution
		HideSolutionNode = FALSE
	EndGlobalSection
EndGlobal
